// !$*UTF8*$!
{
	archiveVersion = 1;
	classes = {
	};
	objectVersion = 46;
	objects = {

/* Begin PBXBuildFile section */
		2F24F2171CB9EF4D00C0AA10 /* AppDelegate.swift in Sources */ = {isa = PBXBuildFile; fileRef = 2F24F2161CB9EF4D00C0AA10 /* AppDelegate.swift */; };
		2F24F2191CB9EF4D00C0AA10 /* ViewController.swift in Sources */ = {isa = PBXBuildFile; fileRef = 2F24F2181CB9EF4D00C0AA10 /* ViewController.swift */; };
		2F24F21C1CB9EF4D00C0AA10 /* Main.storyboard in Resources */ = {isa = PBXBuildFile; fileRef = 2F24F21A1CB9EF4D00C0AA10 /* Main.storyboard */; };
		2F24F21E1CB9EF4D00C0AA10 /* Assets.xcassets in Resources */ = {isa = PBXBuildFile; fileRef = 2F24F21D1CB9EF4D00C0AA10 /* Assets.xcassets */; };
		2F24F2211CB9EF4D00C0AA10 /* LaunchScreen.storyboard in Resources */ = {isa = PBXBuildFile; fileRef = 2F24F21F1CB9EF4D00C0AA10 /* LaunchScreen.storyboard */; };
		2F24F22C1CB9EF4D00C0AA10 /* DHTableViewTests.swift in Sources */ = {isa = PBXBuildFile; fileRef = 2F24F22B1CB9EF4D00C0AA10 /* DHTableViewTests.swift */; };
		2F24F2371CB9F80F00C0AA10 /* DHCell.xib in Resources */ = {isa = PBXBuildFile; fileRef = 2F24F2361CB9F80F00C0AA10 /* DHCell.xib */; };
		2F24F2391CB9F81C00C0AA10 /* DHCell.swift in Sources */ = {isa = PBXBuildFile; fileRef = 2F24F2381CB9F81C00C0AA10 /* DHCell.swift */; };
/* End PBXBuildFile section */

/* Begin PBXContainerItemProxy section */
		2F24F2281CB9EF4D00C0AA10 /* PBXContainerItemProxy */ = {
			isa = PBXContainerItemProxy;
			containerPortal = 2F24F20B1CB9EF4D00C0AA10 /* Project object */;
			proxyType = 1;
			remoteGlobalIDString = 2F24F2121CB9EF4D00C0AA10;
			remoteInfo = DHTableView;
		};
/* End PBXContainerItemProxy section */

/* Begin PBXFileReference section */
		2F24F2131CB9EF4D00C0AA10 /* DHTableView.app */ = {isa = PBXFileReference; explicitFileType = wrapper.application; includeInIndex = 0; path = DHTableView.app; sourceTree = BUILT_PRODUCTS_DIR; };
		2F24F2161CB9EF4D00C0AA10 /* AppDelegate.swift */ = {isa = PBXFileReference; lastKnownFileType = sourcecode.swift; path = AppDelegate.swift; sourceTree = "<group>"; };
		2F24F2181CB9EF4D00C0AA10 /* ViewController.swift */ = {isa = PBXFileReference; lastKnownFileType = sourcecode.swift; path = ViewController.swift; sourceTree = "<group>"; };
		2F24F21B1CB9EF4D00C0AA10 /* Base */ = {isa = PBXFileReference; lastKnownFileType = file.storyboard; name = Base; path = Base.lproj/Main.storyboard; sourceTree = "<group>"; };
		2F24F21D1CB9EF4D00C0AA10 /* Assets.xcassets */ = {isa = PBXFileReference; lastKnownFileType = folder.assetcatalog; path = Assets.xcassets; sourceTree = "<group>"; };
		2F24F2201CB9EF4D00C0AA10 /* Base */ = {isa = PBXFileReference; lastKnownFileType = file.storyboard; name = Base; path = Base.lproj/LaunchScreen.storyboard; sourceTree = "<group>"; };
		2F24F2221CB9EF4D00C0AA10 /* Info.plist */ = {isa = PBXFileReference; lastKnownFileType = text.plist.xml; path = Info.plist; sourceTree = "<group>"; };
		2F24F2271CB9EF4D00C0AA10 /* DHTableViewTests.xctest */ = {isa = PBXFileReference; explicitFileType = wrapper.cfbundle; includeInIndex = 0; path = DHTableViewTests.xctest; sourceTree = BUILT_PRODUCTS_DIR; };
		2F24F22B1CB9EF4D00C0AA10 /* DHTableViewTests.swift */ = {isa = PBXFileReference; lastKnownFileType = sourcecode.swift; path = DHTableViewTests.swift; sourceTree = "<group>"; };
		2F24F22D1CB9EF4D00C0AA10 /* Info.plist */ = {isa = PBXFileReference; lastKnownFileType = text.plist.xml; path = Info.plist; sourceTree = "<group>"; };
		2F24F2361CB9F80F00C0AA10 /* DHCell.xib */ = {isa = PBXFileReference; fileEncoding = 4; lastKnownFileType = file.xib; path = DHCell.xib; sourceTree = "<group>"; };
		2F24F2381CB9F81C00C0AA10 /* DHCell.swift */ = {isa = PBXFileReference; fileEncoding = 4; lastKnownFileType = sourcecode.swift; path = DHCell.swift; sourceTree = "<group>"; };
/* End PBXFileReference section */

/* Begin PBXFrameworksBuildPhase section */
		2F24F2101CB9EF4D00C0AA10 /* Frameworks */ = {
			isa = PBXFrameworksBuildPhase;
			buildActionMask = 2147483647;
			files = (
			);
			runOnlyForDeploymentPostprocessing = 0;
		};
		2F24F2241CB9EF4D00C0AA10 /* Frameworks */ = {
			isa = PBXFrameworksBuildPhase;
			buildActionMask = 2147483647;
			files = (
			);
			runOnlyForDeploymentPostprocessing = 0;
		};
/* End PBXFrameworksBuildPhase section */

/* Begin PBXGroup section */
		2F24F20A1CB9EF4D00C0AA10 = {
			isa = PBXGroup;
			children = (
				2F24F2151CB9EF4D00C0AA10 /* DHTableView */,
				2F24F22A1CB9EF4D00C0AA10 /* DHTableViewTests */,
				2F24F2141CB9EF4D00C0AA10 /* Products */,
			);
			sourceTree = "<group>";
		};
		2F24F2141CB9EF4D00C0AA10 /* Products */ = {
			isa = PBXGroup;
			children = (
				2F24F2131CB9EF4D00C0AA10 /* DHTableView.app */,
				2F24F2271CB9EF4D00C0AA10 /* DHTableViewTests.xctest */,
			);
			name = Products;
			sourceTree = "<group>";
		};
		2F24F2151CB9EF4D00C0AA10 /* DHTableView */ = {
			isa = PBXGroup;
			children = (
				2F24F2161CB9EF4D00C0AA10 /* AppDelegate.swift */,
				2F24F2181CB9EF4D00C0AA10 /* ViewController.swift */,
				2F24F2361CB9F80F00C0AA10 /* DHCell.xib */,
				2F24F2381CB9F81C00C0AA10 /* DHCell.swift */,
				2F24F21A1CB9EF4D00C0AA10 /* Main.storyboard */,
				2F24F21D1CB9EF4D00C0AA10 /* Assets.xcassets */,
				2F24F21F1CB9EF4D00C0AA10 /* LaunchScreen.storyboard */,
				2F24F2221CB9EF4D00C0AA10 /* Info.plist */,
			);
			path = DHTableView;
			sourceTree = "<group>";
		};
		2F24F22A1CB9EF4D00C0AA10 /* DHTableViewTests */ = {
			isa = PBXGroup;
			children = (
				2F24F22B1CB9EF4D00C0AA10 /* DHTableViewTests.swift */,
				2F24F22D1CB9EF4D00C0AA10 /* Info.plist */,
			);
			path = DHTableViewTests;
			sourceTree = "<group>";
		};
/* End PBXGroup section */

/* Begin PBXNativeTarget section */
		2F24F2121CB9EF4D00C0AA10 /* DHTableView */ = {
			isa = PBXNativeTarget;
			buildConfigurationList = 2F24F2301CB9EF4D00C0AA10 /* Build configuration list for PBXNativeTarget "DHTableView" */;
			buildPhases = (
				2F24F20F1CB9EF4D00C0AA10 /* Sources */,
				2F24F2101CB9EF4D00C0AA10 /* Frameworks */,
				2F24F2111CB9EF4D00C0AA10 /* Resources */,
			);
			buildRules = (
			);
			dependencies = (
			);
			name = DHTableView;
			productName = DHTableView;
			productReference = 2F24F2131CB9EF4D00C0AA10 /* DHTableView.app */;
			productType = "com.apple.product-type.application";
		};
		2F24F2261CB9EF4D00C0AA10 /* DHTableViewTests */ = {
			isa = PBXNativeTarget;
			buildConfigurationList = 2F24F2331CB9EF4D00C0AA10 /* Build configuration list for PBXNativeTarget "DHTableViewTests" */;
			buildPhases = (
				2F24F2231CB9EF4D00C0AA10 /* Sources */,
				2F24F2241CB9EF4D00C0AA10 /* Frameworks */,
				2F24F2251CB9EF4D00C0AA10 /* Resources */,
			);
			buildRules = (
			);
			dependencies = (
				2F24F2291CB9EF4D00C0AA10 /* PBXTargetDependency */,
			);
			name = DHTableViewTests;
			productName = DHTableViewTests;
			productReference = 2F24F2271CB9EF4D00C0AA10 /* DHTableViewTests.xctest */;
			productType = "com.apple.product-type.bundle.unit-test";
		};
/* End PBXNativeTarget section */

/* Begin PBXProject section */
		2F24F20B1CB9EF4D00C0AA10 /* Project object */ = {
			isa = PBXProject;
			attributes = {
				LastSwiftUpdateCheck = 0730;
				LastUpgradeCheck = 0730;
				ORGANIZATIONNAME = "Derrick  Ho";
				TargetAttributes = {
					2F24F2121CB9EF4D00C0AA10 = {
						CreatedOnToolsVersion = 7.3;
					};
					2F24F2261CB9EF4D00C0AA10 = {
						CreatedOnToolsVersion = 7.3;
						TestTargetID = 2F24F2121CB9EF4D00C0AA10;
					};
				};
			};
			buildConfigurationList = 2F24F20E1CB9EF4D00C0AA10 /* Build configuration list for PBXProject "DHTableView" */;
			compatibilityVersion = "Xcode 3.2";
			developmentRegion = English;
			hasScannedForEncodings = 0;
			knownRegions = (
				en,
				Base,
			);
			mainGroup = 2F24F20A1CB9EF4D00C0AA10;
			productRefGroup = 2F24F2141CB9EF4D00C0AA10 /* Products */;
			projectDirPath = "";
			projectRoot = "";
			targets = (
				2F24F2121CB9EF4D00C0AA10 /* DHTableView */,
				2F24F2261CB9EF4D00C0AA10 /* DHTableViewTests */,
			);
		};
/* End PBXProject section */

/* Begin PBXResourcesBuildPhase section */
		2F24F2111CB9EF4D00C0AA10 /* Resources */ = {
			isa = PBXResourcesBuildPhase;
			buildActionMask = 2147483647;
			files = (
				2F24F2211CB9EF4D00C0AA10 /* LaunchScreen.storyboard in Resources */,
				2F24F21E1CB9EF4D00C0AA10 /* Assets.xcassets in Resources */,
				2F24F21C1CB9EF4D00C0AA10 /* Main.storyboard in Resources */,
				2F24F2371CB9F80F00C0AA10 /* DHCell.xib in Resources */,
			);
			runOnlyForDeploymentPostprocessing = 0;
		};
		2F24F2251CB9EF4D00C0AA10 /* Resources */ = {
			isa = PBXResourcesBuildPhase;
			buildActionMask = 2147483647;
			files = (
			);
			runOnlyForDeploymentPostprocessing = 0;
		};
/* End PBXResourcesBuildPhase section */

/* Begin PBXSourcesBuildPhase section */
		2F24F20F1CB9EF4D00C0AA10 /* Sources */ = {
			isa = PBXSourcesBuildPhase;
			buildActionMask = 2147483647;
			files = (
				2F24F2191CB9EF4D00C0AA10 /* ViewController.swift in Sources */,
				2F24F2391CB9F81C00C0AA10 /* DHCell.swift in Sources */,
				2F24F2171CB9EF4D00C0AA10 /* AppDelegate.swift in Sources */,
			);
			runOnlyForDeploymentPostprocessing = 0;
		};
		2F24F2231CB9EF4D00C0AA10 /* Sources */ = {
			isa = PBXSourcesBuildPhase;
			buildActionMask = 2147483647;
			files = (
				2F24F22C1CB9EF4D00C0AA10 /* DHTableViewTests.swift in Sources */,
			);
			runOnlyForDeploymentPostprocessing = 0;
		};
/* End PBXSourcesBuildPhase section */

/* Begin PBXTargetDependency section */
		2F24F2291CB9EF4D00C0AA10 /* PBXTargetDependency */ = {
			isa = PBXTargetDependency;
			target = 2F24F2121CB9EF4D00C0AA10 /* DHTableView */;
			targetProxy = 2F24F2281CB9EF4D00C0AA10 /* PBXContainerItemProxy */;
		};
/* End PBXTargetDependency section */

/* Begin PBXVariantGroup section */
		2F24F21A1CB9EF4D00C0AA10 /* Main.storyboard */ = {
			isa = PBXVariantGroup;
			children = (
				2F24F21B1CB9EF4D00C0AA10 /* Base */,
			);
			name = Main.storyboard;
			sourceTree = "<group>";
		};
		2F24F21F1CB9EF4D00C0AA10 /* LaunchScreen.storyboard */ = {
			isa = PBXVariantGroup;
			children = (
				2F24F2201CB9EF4D00C0AA10 /* Base */,
			);
			name = LaunchScreen.storyboard;
			sourceTree = "<group>";
		};
/* End PBXVariantGroup section */

/* Begin XCBuildConfiguration section */
		2F24F22E1CB9EF4D00C0AA10 /* Debug */ = {
			isa = XCBuildConfiguration;
			buildSettings = {
				ALWAYS_SEARCH_USER_PATHS = NO;
				CLANG_ANALYZER_NONNULL = YES;
				CLANG_CXX_LANGUAGE_STANDARD = "gnu++0x";
				CLANG_CXX_LIBRARY = "libc++";
				CLANG_ENABLE_MODULES = YES;
				CLANG_ENABLE_OBJC_ARC = YES;
				CLANG_WARN_BOOL_CONVERSION = YES;
				CLANG_WARN_CONSTANT_CONVERSION = YES;
				CLANG_WARN_DIRECT_OBJC_ISA_USAGE = YES_ERROR;
				CLANG_WARN_EMPTY_BODY = YES;
				CLANG_WARN_ENUM_CONVERSION = YES;
				CLANG_WARN_INT_CONVERSION = YES;
				CLANG_WARN_OBJC_ROOT_CLASS = YES_ERROR;
				CLANG_WARN_UNREACHABLE_CODE = YES;
				CLANG_WARN__DUPLICATE_METHOD_MATCH = YES;
				"CODE_SIGN_IDENTITY[sdk=iphoneos*]" = "iPhone Developer";
				COPY_PHASE_STRIP = NO;
				DEBUG_INFORMATION_FORMAT = dwarf;
				ENABLE_STRICT_OBJC_MSGSEND = YES;
				ENABLE_TESTABILITY = YES;
				GCC_C_LANGUAGE_STANDARD = gnu99;
				GCC_DYNAMIC_NO_PIC = NO;
				GCC_NO_COMMON_BLOCKS = YES;
				GCC_OPTIMIZATION_LEVEL = 0;
				GCC_PREPROCESSOR_DEFINITIONS = (
					"DEBUG=1",
					"$(inherited)",
				);
				GCC_WARN_64_TO_32_BIT_CONVERSION = YES;
				GCC_WARN_ABOUT_RETURN_TYPE = YES_ERROR;
				GCC_WARN_UNDECLARED_SELECTOR = YES;
				GCC_WARN_UNINITIALIZED_AUTOS = YES_AGGRESSIVE;
				GCC_WARN_UNUSED_FUNCTION = YES;
				GCC_WARN_UNUSED_VARIABLE = YES;
				IPHONEOS_DEPLOYMENT_TARGET = 9.3;
				MTL_ENABLE_DEBUG_INFO = YES;
				ONLY_ACTIVE_ARCH = YES;
				SDKROOT = iphoneos;
				SWIFT_OPTIMIZATION_LEVEL = "-Onone";
			};
			name = Debug;
		};
		2F24F22F1CB9EF4D00C0AA10 /* Release */ = {
			isa = XCBuildConfiguration;
			buildSettings = {
				ALWAYS_SEARCH_USER_PATHS = NO;
				CLANG_ANALYZER_NONNULL = YES;
				CLANG_CXX_LANGUAGE_STANDARD = "gnu++0x";
				CLANG_CXX_LIBRARY = "libc++";
				CLANG_ENABLE_MODULES = YES;
				CLANG_ENABLE_OBJC_ARC = YES;
				CLANG_WARN_BOOL_CONVERSION = YES;
				CLANG_WARN_CONSTANT_CONVERSION = YES;
				CLANG_WARN_DIRECT_OBJC_ISA_USAGE = YES_ERROR;
				CLANG_WARN_EMPTY_BODY = YES;
				CLANG_WARN_ENUM_CONVERSION = YES;
				CLANG_WARN_INT_CONVERSION = YES;
				CLANG_WARN_OBJC_ROOT_CLASS = YES_ERROR;
				CLANG_WARN_UNREACHABLE_CODE = YES;
				CLANG_WARN__DUPLICATE_METHOD_MATCH = YES;
				"CODE_SIGN_IDENTITY[sdk=iphoneos*]" = "iPhone Developer";
				COPY_PHASE_STRIP = NO;
				DEBUG_INFORMATION_FORMAT = "dwarf-with-dsym";
				ENABLE_NS_ASSERTIONS = NO;
				ENABLE_STRICT_OBJC_MSGSEND = YES;
				GCC_C_LANGUAGE_STANDARD = gnu99;
				GCC_NO_COMMON_BLOCKS = YES;
				GCC_WARN_64_TO_32_BIT_CONVERSION = YES;
				GCC_WARN_ABOUT_RETURN_TYPE = YES_ERROR;
				GCC_WARN_UNDECLARED_SELECTOR = YES;
				GCC_WARN_UNINITIALIZED_AUTOS = YES_AGGRESSIVE;
				GCC_WARN_UNUSED_FUNCTION = YES;
				GCC_WARN_UNUSED_VARIABLE = YES;
				IPHONEOS_DEPLOYMENT_TARGET = 9.3;
				MTL_ENABLE_DEBUG_INFO = NO;
				SDKROOT = iphoneos;
				VALIDATE_PRODUCT = YES;
			};
			name = Release;
		};
		2F24F2311CB9EF4D00C0AA10 /* Debug */ = {
			isa = XCBuildConfiguration;
			buildSettings = {
				ASSETCATALOG_COMPILER_APPICON_NAME = AppIcon;
				INFOPLIST_FILE = DHTableView/Info.plist;
				LD_RUNPATH_SEARCH_PATHS = "$(inherited) @executable_path/Frameworks";
				PRODUCT_BUNDLE_IDENTIFIER = com.dnthome.DHTableView;
				PRODUCT_NAME = "$(TARGET_NAME)";
			};
			name = Debug;
		};
		2F24F2321CB9EF4D00C0AA10 /* Release */ = {
			isa = XCBuildConfiguration;
			buildSettings = {
				ASSETCATALOG_COMPILER_APPICON_NAME = AppIcon;
				INFOPLIST_FILE = DHTableView/Info.plist;
				LD_RUNPATH_SEARCH_PATHS = "$(inherited) @executable_path/Frameworks";
				PRODUCT_BUNDLE_IDENTIFIER = com.dnthome.DHTableView;
				PRODUCT_NAME = "$(TARGET_NAME)";
			};
			name = Release;
		};
		2F24F2341CB9EF4D00C0AA10 /* Debug */ = {
			isa = XCBuildConfiguration;
			buildSettings = {
				BUNDLE_LOADER = "$(TEST_HOST)";
				INFOPLIST_FILE = DHTableViewTests/Info.plist;
				LD_RUNPATH_SEARCH_PATHS = "$(inherited) @executable_path/Frameworks @loader_path/Frameworks";
				PRODUCT_BUNDLE_IDENTIFIER = com.dnthome.DHTableViewTests;
				PRODUCT_NAME = "$(TARGET_NAME)";
				TEST_HOST = "$(BUILT_PRODUCTS_DIR)/DHTableView.app/DHTableView";
			};
			name = Debug;
		};
		2F24F2351CB9EF4D00C0AA10 /* Release */ = {
			isa = XCBuildConfiguration;
			buildSettings = {
				BUNDLE_LOADER = "$(TEST_HOST)";
				INFOPLIST_FILE = DHTableViewTests/Info.plist;
				LD_RUNPATH_SEARCH_PATHS = "$(inherited) @executable_path/Frameworks @loader_path/Frameworks";
				PRODUCT_BUNDLE_IDENTIFIER = com.dnthome.DHTableViewTests;
				PRODUCT_NAME = "$(TARGET_NAME)";
				TEST_HOST = "$(BUILT_PRODUCTS_DIR)/DHTableView.app/DHTableView";
			};
			name = Release;
		};
/* End XCBuildConfiguration section */

/* Begin XCConfigurationList section */
		2F24F20E1CB9EF4D00C0AA10 /* Build configuration list for PBXProject "DHTableView" */ = {
			isa = XCConfigurationList;
			buildConfigurations = (
				2F24F22E1CB9EF4D00C0AA10 /* Debug */,
				2F24F22F1CB9EF4D00C0AA10 /* Release */,
			);
			defaultConfigurationIsVisible = 0;
			defaultConfigurationName = Release;
		};
		2F24F2301CB9EF4D00C0AA10 /* Build configuration list for PBXNativeTarget "DHTableView" */ = {
			isa = XCConfigurationList;
			buildConfigurations = (
				2F24F2311CB9EF4D00C0AA10 /* Debug */,
				2F24F2321CB9EF4D00C0AA10 /* Release */,
			);
			defaultConfigurationIsVisible = 0;
		};
		2F24F2331CB9EF4D00C0AA10 /* Build configuration list for PBXNativeTarget "DHTableViewTests" */ = {
			isa = XCConfigurationList;
			buildConfigurations = (
				2F24F2341CB9EF4D00C0AA10 /* Debug */,
				2F24F2351CB9EF4D00C0AA10 /* Release */,
			);
			defaultConfigurationIsVisible = 0;
		};
/* End XCConfigurationList section */
	};
	rootObject = 2F24F20B1CB9EF4D00C0AA10 /* Project object */;
}
